// !$*UTF8*$!
{
	archiveVersion = 1;
	classes = {
	};
	objectVersion = 46;
	objects = {

/* Begin PBXBuildFile section */
		0D79491417D9F926006DC4AD /* Foundation.framework in Frameworks */ = {isa = PBXBuildFile; fileRef = 0D79491317D9F926006DC4AD /* Foundation.framework */; };
		0D79491617D9F926006DC4AD /* CoreGraphics.framework in Frameworks */ = {isa = PBXBuildFile; fileRef = 0D79491517D9F926006DC4AD /* CoreGraphics.framework */; };
		0D79491817D9F926006DC4AD /* UIKit.framework in Frameworks */ = {isa = PBXBuildFile; fileRef = 0D79491717D9F926006DC4AD /* UIKit.framework */; };
		0D79491E17D9F926006DC4AD /* InfoPlist.strings in Resources */ = {isa = PBXBuildFile; fileRef = 0D79491C17D9F926006DC4AD /* InfoPlist.strings */; };
		0D79492017D9F926006DC4AD /* main.m in Sources */ = {isa = PBXBuildFile; fileRef = 0D79491F17D9F926006DC4AD /* main.m */; };
		0D79492417D9F926006DC4AD /* ORAppDelegate.m in Sources */ = {isa = PBXBuildFile; fileRef = 0D79492317D9F926006DC4AD /* ORAppDelegate.m */; };
		0D79492717D9F926006DC4AD /* Main_iPhone.storyboard in Resources */ = {isa = PBXBuildFile; fileRef = 0D79492517D9F926006DC4AD /* Main_iPhone.storyboard */; };
		0D79492A17D9F926006DC4AD /* Main_iPad.storyboard in Resources */ = {isa = PBXBuildFile; fileRef = 0D79492817D9F926006DC4AD /* Main_iPad.storyboard */; };
		0D79492D17D9F926006DC4AD /* ORViewController.m in Sources */ = {isa = PBXBuildFile; fileRef = 0D79492C17D9F926006DC4AD /* ORViewController.m */; };
		0DBEFD7517DCA99400D2F63E /* ORMapView.m in Sources */ = {isa = PBXBuildFile; fileRef = 0DBEFD7417DCA99400D2F63E /* ORMapView.m */; };
		0DBEFD7717DCAC4300D2F63E /* MapKit.framework in Frameworks */ = {isa = PBXBuildFile; fileRef = 0DBEFD7617DCAC4300D2F63E /* MapKit.framework */; };
		0DBEFD7C17DCCD5D00D2F63E /* ORRandomAnnotation.m in Sources */ = {isa = PBXBuildFile; fileRef = 0DBEFD7B17DCCD5D00D2F63E /* ORRandomAnnotation.m */; };
		0DBEFD8117DCE5C900D2F63E /* ADMapCluster.m in Sources */ = {isa = PBXBuildFile; fileRef = 0DBEFD7E17DCE5C900D2F63E /* ADMapCluster.m */; settings = {COMPILER_FLAGS = "-fno-objc-arc"; }; };
		0DBEFD8217DCE5C900D2F63E /* ADMapPointAnnotation.m in Sources */ = {isa = PBXBuildFile; fileRef = 0DBEFD8017DCE5C900D2F63E /* ADMapPointAnnotation.m */; settings = {COMPILER_FLAGS = "-fno-objc-arc"; }; };
		0DBEFD8617DCE8A900D2F63E /* ORMapView_DelegateProxy.m in Sources */ = {isa = PBXBuildFile; fileRef = 0DBEFD8517DCE8A900D2F63E /* ORMapView_DelegateProxy.m */; };
		0DBEFD8917DCFD8100D2F63E /* ORClusterAnnotation.m in Sources */ = {isa = PBXBuildFile; fileRef = 0DBEFD8817DCFD8100D2F63E /* ORClusterAnnotation.m */; };
		0DBEFD8C17DCFE4D00D2F63E /* ORClusterAnnotationView.m in Sources */ = {isa = PBXBuildFile; fileRef = 0DBEFD8B17DCFE4D00D2F63E /* ORClusterAnnotationView.m */; };
		0DBEFD9117DD259600D2F63E /* Default-568h@2x.png in Resources */ = {isa = PBXBuildFile; fileRef = 0DBEFD8E17DD259600D2F63E /* Default-568h@2x.png */; };
		0DBEFD9217DD259600D2F63E /* Default.png in Resources */ = {isa = PBXBuildFile; fileRef = 0DBEFD8F17DD259600D2F63E /* Default.png */; };
		0DBEFD9317DD259600D2F63E /* Default@2x.png in Resources */ = {isa = PBXBuildFile; fileRef = 0DBEFD9017DD259600D2F63E /* Default@2x.png */; };
		0DEECC2D17DD24D4007B4251 /* CoreLocation.framework in Frameworks */ = {isa = PBXBuildFile; fileRef = 0DEECC2C17DD24D4007B4251 /* CoreLocation.framework */; };
/* End PBXBuildFile section */

/* Begin PBXFileReference section */
		0D79491017D9F926006DC4AD /* ORMapView Example.app */ = {isa = PBXFileReference; explicitFileType = wrapper.application; includeInIndex = 0; path = "ORMapView Example.app"; sourceTree = BUILT_PRODUCTS_DIR; };
		0D79491317D9F926006DC4AD /* Foundation.framework */ = {isa = PBXFileReference; lastKnownFileType = wrapper.framework; name = Foundation.framework; path = System/Library/Frameworks/Foundation.framework; sourceTree = SDKROOT; };
		0D79491517D9F926006DC4AD /* CoreGraphics.framework */ = {isa = PBXFileReference; lastKnownFileType = wrapper.framework; name = CoreGraphics.framework; path = System/Library/Frameworks/CoreGraphics.framework; sourceTree = SDKROOT; };
		0D79491717D9F926006DC4AD /* UIKit.framework */ = {isa = PBXFileReference; lastKnownFileType = wrapper.framework; name = UIKit.framework; path = System/Library/Frameworks/UIKit.framework; sourceTree = SDKROOT; };
		0D79491B17D9F926006DC4AD /* ORMapView Example-Info.plist */ = {isa = PBXFileReference; lastKnownFileType = text.plist.xml; path = "ORMapView Example-Info.plist"; sourceTree = "<group>"; };
		0D79491D17D9F926006DC4AD /* en */ = {isa = PBXFileReference; lastKnownFileType = text.plist.strings; name = en; path = en.lproj/InfoPlist.strings; sourceTree = "<group>"; };
		0D79491F17D9F926006DC4AD /* main.m */ = {isa = PBXFileReference; lastKnownFileType = sourcecode.c.objc; path = main.m; sourceTree = "<group>"; };
		0D79492117D9F926006DC4AD /* ORMapView Example-Prefix.pch */ = {isa = PBXFileReference; lastKnownFileType = sourcecode.c.h; path = "ORMapView Example-Prefix.pch"; sourceTree = "<group>"; };
		0D79492217D9F926006DC4AD /* ORAppDelegate.h */ = {isa = PBXFileReference; lastKnownFileType = sourcecode.c.h; path = ORAppDelegate.h; sourceTree = "<group>"; };
		0D79492317D9F926006DC4AD /* ORAppDelegate.m */ = {isa = PBXFileReference; lastKnownFileType = sourcecode.c.objc; path = ORAppDelegate.m; sourceTree = "<group>"; };
		0D79492617D9F926006DC4AD /* Base */ = {isa = PBXFileReference; lastKnownFileType = file.storyboard; name = Base; path = Base.lproj/Main_iPhone.storyboard; sourceTree = "<group>"; };
		0D79492917D9F926006DC4AD /* Base */ = {isa = PBXFileReference; lastKnownFileType = file.storyboard; name = Base; path = Base.lproj/Main_iPad.storyboard; sourceTree = "<group>"; };
		0D79492B17D9F926006DC4AD /* ORViewController.h */ = {isa = PBXFileReference; lastKnownFileType = sourcecode.c.h; path = ORViewController.h; sourceTree = "<group>"; };
		0D79492C17D9F926006DC4AD /* ORViewController.m */ = {isa = PBXFileReference; lastKnownFileType = sourcecode.c.objc; path = ORViewController.m; sourceTree = "<group>"; };
		0D79493517D9F926006DC4AD /* XCTest.framework */ = {isa = PBXFileReference; lastKnownFileType = wrapper.framework; name = XCTest.framework; path = Library/Frameworks/XCTest.framework; sourceTree = DEVELOPER_DIR; };
		0DBEFD7317DCA99400D2F63E /* ORMapView.h */ = {isa = PBXFileReference; fileEncoding = 4; lastKnownFileType = sourcecode.c.h; path = ORMapView.h; sourceTree = "<group>"; };
		0DBEFD7417DCA99400D2F63E /* ORMapView.m */ = {isa = PBXFileReference; fileEncoding = 4; lastKnownFileType = sourcecode.c.objc; path = ORMapView.m; sourceTree = "<group>"; };
		0DBEFD7617DCAC4300D2F63E /* MapKit.framework */ = {isa = PBXFileReference; lastKnownFileType = wrapper.framework; name = MapKit.framework; path = System/Library/Frameworks/MapKit.framework; sourceTree = SDKROOT; };
		0DBEFD7A17DCCD5D00D2F63E /* ORRandomAnnotation.h */ = {isa = PBXFileReference; fileEncoding = 4; lastKnownFileType = sourcecode.c.h; path = ORRandomAnnotation.h; sourceTree = "<group>"; };
		0DBEFD7B17DCCD5D00D2F63E /* ORRandomAnnotation.m */ = {isa = PBXFileReference; fileEncoding = 4; lastKnownFileType = sourcecode.c.objc; path = ORRandomAnnotation.m; sourceTree = "<group>"; };
		0DBEFD7D17DCE5C900D2F63E /* ADMapCluster.h */ = {isa = PBXFileReference; fileEncoding = 4; lastKnownFileType = sourcecode.c.h; path = ADMapCluster.h; sourceTree = "<group>"; };
		0DBEFD7E17DCE5C900D2F63E /* ADMapCluster.m */ = {isa = PBXFileReference; fileEncoding = 4; lastKnownFileType = sourcecode.c.objc; path = ADMapCluster.m; sourceTree = "<group>"; };
		0DBEFD7F17DCE5C900D2F63E /* ADMapPointAnnotation.h */ = {isa = PBXFileReference; fileEncoding = 4; lastKnownFileType = sourcecode.c.h; path = ADMapPointAnnotation.h; sourceTree = "<group>"; };
		0DBEFD8017DCE5C900D2F63E /* ADMapPointAnnotation.m */ = {isa = PBXFileReference; fileEncoding = 4; lastKnownFileType = sourcecode.c.objc; path = ADMapPointAnnotation.m; sourceTree = "<group>"; };
		0DBEFD8317DCE87600D2F63E /* ORMapView_Private.h */ = {isa = PBXFileReference; lastKnownFileType = sourcecode.c.h; path = ORMapView_Private.h; sourceTree = "<group>"; };
		0DBEFD8517DCE8A900D2F63E /* ORMapView_DelegateProxy.m */ = {isa = PBXFileReference; fileEncoding = 4; lastKnownFileType = sourcecode.c.objc; path = ORMapView_DelegateProxy.m; sourceTree = "<group>"; };
		0DBEFD8717DCFD8100D2F63E /* ORClusterAnnotation.h */ = {isa = PBXFileReference; fileEncoding = 4; lastKnownFileType = sourcecode.c.h; path = ORClusterAnnotation.h; sourceTree = "<group>"; };
		0DBEFD8817DCFD8100D2F63E /* ORClusterAnnotation.m */ = {isa = PBXFileReference; fileEncoding = 4; lastKnownFileType = sourcecode.c.objc; path = ORClusterAnnotation.m; sourceTree = "<group>"; };
		0DBEFD8A17DCFE4D00D2F63E /* ORClusterAnnotationView.h */ = {isa = PBXFileReference; fileEncoding = 4; lastKnownFileType = sourcecode.c.h; path = ORClusterAnnotationView.h; sourceTree = "<group>"; };
		0DBEFD8B17DCFE4D00D2F63E /* ORClusterAnnotationView.m */ = {isa = PBXFileReference; fileEncoding = 4; lastKnownFileType = sourcecode.c.objc; path = ORClusterAnnotationView.m; sourceTree = "<group>"; };
		0DBEFD8D17DD026F00D2F63E /* ORClusterAnnotation_Private.h */ = {isa = PBXFileReference; lastKnownFileType = sourcecode.c.h; path = ORClusterAnnotation_Private.h; sourceTree = "<group>"; };
		0DBEFD8E17DD259600D2F63E /* Default-568h@2x.png */ = {isa = PBXFileReference; lastKnownFileType = image.png; path = "Default-568h@2x.png"; sourceTree = "<group>"; };
		0DBEFD8F17DD259600D2F63E /* Default.png */ = {isa = PBXFileReference; lastKnownFileType = image.png; path = Default.png; sourceTree = "<group>"; };
		0DBEFD9017DD259600D2F63E /* Default@2x.png */ = {isa = PBXFileReference; lastKnownFileType = image.png; path = "Default@2x.png"; sourceTree = "<group>"; };
		0DEECC2C17DD24D4007B4251 /* CoreLocation.framework */ = {isa = PBXFileReference; lastKnownFileType = wrapper.framework; name = CoreLocation.framework; path = System/Library/Frameworks/CoreLocation.framework; sourceTree = SDKROOT; };
/* End PBXFileReference section */

/* Begin PBXFrameworksBuildPhase section */
		0D79490D17D9F926006DC4AD /* Frameworks */ = {
			isa = PBXFrameworksBuildPhase;
			buildActionMask = 2147483647;
			files = (
				0DEECC2D17DD24D4007B4251 /* CoreLocation.framework in Frameworks */,
				0D79491617D9F926006DC4AD /* CoreGraphics.framework in Frameworks */,
				0D79491817D9F926006DC4AD /* UIKit.framework in Frameworks */,
				0DBEFD7717DCAC4300D2F63E /* MapKit.framework in Frameworks */,
				0D79491417D9F926006DC4AD /* Foundation.framework in Frameworks */,
			);
			runOnlyForDeploymentPostprocessing = 0;
		};
/* End PBXFrameworksBuildPhase section */

/* Begin PBXGroup section */
		0D79490717D9F926006DC4AD = {
			isa = PBXGroup;
			children = (
				0DBEFD7217DCA99400D2F63E /* ORMapView */,
				0D79491917D9F926006DC4AD /* ORMapView Example */,
				0D79491217D9F926006DC4AD /* Frameworks */,
				0D79491117D9F926006DC4AD /* Products */,
			);
			sourceTree = "<group>";
		};
		0D79491117D9F926006DC4AD /* Products */ = {
			isa = PBXGroup;
			children = (
				0D79491017D9F926006DC4AD /* ORMapView Example.app */,
			);
			name = Products;
			sourceTree = "<group>";
		};
		0D79491217D9F926006DC4AD /* Frameworks */ = {
			isa = PBXGroup;
			children = (
				0DEECC2C17DD24D4007B4251 /* CoreLocation.framework */,
				0DBEFD7617DCAC4300D2F63E /* MapKit.framework */,
				0D79491317D9F926006DC4AD /* Foundation.framework */,
				0D79491517D9F926006DC4AD /* CoreGraphics.framework */,
				0D79491717D9F926006DC4AD /* UIKit.framework */,
				0D79493517D9F926006DC4AD /* XCTest.framework */,
			);
			name = Frameworks;
			sourceTree = "<group>";
		};
		0D79491917D9F926006DC4AD /* ORMapView Example */ = {
			isa = PBXGroup;
			children = (
				0D79492217D9F926006DC4AD /* ORAppDelegate.h */,
				0D79492317D9F926006DC4AD /* ORAppDelegate.m */,
				0D79492517D9F926006DC4AD /* Main_iPhone.storyboard */,
				0D79492817D9F926006DC4AD /* Main_iPad.storyboard */,
				0D79492B17D9F926006DC4AD /* ORViewController.h */,
				0D79492C17D9F926006DC4AD /* ORViewController.m */,
				0DBEFD7A17DCCD5D00D2F63E /* ORRandomAnnotation.h */,
				0DBEFD7B17DCCD5D00D2F63E /* ORRandomAnnotation.m */,
				0D79491A17D9F926006DC4AD /* Supporting Files */,
			);
			path = "ORMapView Example";
			sourceTree = "<group>";
		};
		0D79491A17D9F926006DC4AD /* Supporting Files */ = {
			isa = PBXGroup;
			children = (
				0D79491B17D9F926006DC4AD /* ORMapView Example-Info.plist */,
				0D79491C17D9F926006DC4AD /* InfoPlist.strings */,
				0D79491F17D9F926006DC4AD /* main.m */,
				0D79492117D9F926006DC4AD /* ORMapView Example-Prefix.pch */,
				0DBEFD8E17DD259600D2F63E /* Default-568h@2x.png */,
				0DBEFD8F17DD259600D2F63E /* Default.png */,
				0DBEFD9017DD259600D2F63E /* Default@2x.png */,
			);
			name = "Supporting Files";
			sourceTree = "<group>";
		};
		0DBEFD7217DCA99400D2F63E /* ORMapView */ = {
			isa = PBXGroup;
			children = (
				0DBEFD7D17DCE5C900D2F63E /* ADMapCluster.h */,
				0DBEFD7E17DCE5C900D2F63E /* ADMapCluster.m */,
				0DBEFD7F17DCE5C900D2F63E /* ADMapPointAnnotation.h */,
				0DBEFD8017DCE5C900D2F63E /* ADMapPointAnnotation.m */,
				0DBEFD7317DCA99400D2F63E /* ORMapView.h */,
				0DBEFD8317DCE87600D2F63E /* ORMapView_Private.h */,
				0DBEFD7417DCA99400D2F63E /* ORMapView.m */,
				0DBEFD8517DCE8A900D2F63E /* ORMapView_DelegateProxy.m */,
				0DBEFD8717DCFD8100D2F63E /* ORClusterAnnotation.h */,
				0DBEFD8D17DD026F00D2F63E /* ORClusterAnnotation_Private.h */,
				0DBEFD8817DCFD8100D2F63E /* ORClusterAnnotation.m */,
				0DBEFD8A17DCFE4D00D2F63E /* ORClusterAnnotationView.h */,
				0DBEFD8B17DCFE4D00D2F63E /* ORClusterAnnotationView.m */,
			);
			name = ORMapView;
			path = ../ORMapView;
			sourceTree = "<group>";
		};
/* End PBXGroup section */

/* Begin PBXNativeTarget section */
		0D79490F17D9F926006DC4AD /* ORMapView Example */ = {
			isa = PBXNativeTarget;
			buildConfigurationList = 0D79494517D9F926006DC4AD /* Build configuration list for PBXNativeTarget "ORMapView Example" */;
			buildPhases = (
				0D79490C17D9F926006DC4AD /* Sources */,
				0D79490D17D9F926006DC4AD /* Frameworks */,
				0D79490E17D9F926006DC4AD /* Resources */,
			);
			buildRules = (
			);
			dependencies = (
			);
			name = "ORMapView Example";
			productName = "ORMapView Example";
			productReference = 0D79491017D9F926006DC4AD /* ORMapView Example.app */;
			productType = "com.apple.product-type.application";
		};
/* End PBXNativeTarget section */

/* Begin PBXProject section */
		0D79490817D9F926006DC4AD /* Project object */ = {
			isa = PBXProject;
			attributes = {
				CLASSPREFIX = OR;
				LastUpgradeCheck = 0500;
				ORGANIZATIONNAME = "Philipp Schmid";
				TargetAttributes = {
					0D79490F17D9F926006DC4AD = {
						SystemCapabilities = {
							com.apple.iOS = {
								enabled = 1;
							};
						};
					};
					0D79493317D9F926006DC4AD = {
						TestTargetID = 0D79490F17D9F926006DC4AD;
					};
				};
			};
			buildConfigurationList = 0D79490B17D9F926006DC4AD /* Build configuration list for PBXProject "ORMapView Example" */;
			compatibilityVersion = "Xcode 3.2";
			developmentRegion = English;
			hasScannedForEncodings = 0;
			knownRegions = (
				en,
				Base,
			);
			mainGroup = 0D79490717D9F926006DC4AD;
			productRefGroup = 0D79491117D9F926006DC4AD /* Products */;
			projectDirPath = "";
			projectRoot = "";
			targets = (
				0D79490F17D9F926006DC4AD /* ORMapView Example */,
			);
		};
/* End PBXProject section */

/* Begin PBXResourcesBuildPhase section */
		0D79490E17D9F926006DC4AD /* Resources */ = {
			isa = PBXResourcesBuildPhase;
			buildActionMask = 2147483647;
			files = (
				0DBEFD9317DD259600D2F63E /* Default@2x.png in Resources */,
				0D79492A17D9F926006DC4AD /* Main_iPad.storyboard in Resources */,
				0DBEFD9117DD259600D2F63E /* Default-568h@2x.png in Resources */,
				0D79492717D9F926006DC4AD /* Main_iPhone.storyboard in Resources */,
				0D79491E17D9F926006DC4AD /* InfoPlist.strings in Resources */,
				0DBEFD9217DD259600D2F63E /* Default.png in Resources */,
			);
			runOnlyForDeploymentPostprocessing = 0;
		};
/* End PBXResourcesBuildPhase section */

/* Begin PBXSourcesBuildPhase section */
		0D79490C17D9F926006DC4AD /* Sources */ = {
			isa = PBXSourcesBuildPhase;
			buildActionMask = 2147483647;
			files = (
				0DBEFD8917DCFD8100D2F63E /* ORClusterAnnotation.m in Sources */,
				0DBEFD8C17DCFE4D00D2F63E /* ORClusterAnnotationView.m in Sources */,
				0DBEFD8117DCE5C900D2F63E /* ADMapCluster.m in Sources */,
				0DBEFD7517DCA99400D2F63E /* ORMapView.m in Sources */,
				0DBEFD8617DCE8A900D2F63E /* ORMapView_DelegateProxy.m in Sources */,
				0D79492017D9F926006DC4AD /* main.m in Sources */,
				0D79492417D9F926006DC4AD /* ORAppDelegate.m in Sources */,
				0DBEFD8217DCE5C900D2F63E /* ADMapPointAnnotation.m in Sources */,
				0D79492D17D9F926006DC4AD /* ORViewController.m in Sources */,
				0DBEFD7C17DCCD5D00D2F63E /* ORRandomAnnotation.m in Sources */,
			);
			runOnlyForDeploymentPostprocessing = 0;
		};
/* End PBXSourcesBuildPhase section */

/* Begin PBXVariantGroup section */
		0D79491C17D9F926006DC4AD /* InfoPlist.strings */ = {
			isa = PBXVariantGroup;
			children = (
				0D79491D17D9F926006DC4AD /* en */,
			);
			name = InfoPlist.strings;
			sourceTree = "<group>";
		};
		0D79492517D9F926006DC4AD /* Main_iPhone.storyboard */ = {
			isa = PBXVariantGroup;
			children = (
				0D79492617D9F926006DC4AD /* Base */,
			);
			name = Main_iPhone.storyboard;
			sourceTree = "<group>";
		};
		0D79492817D9F926006DC4AD /* Main_iPad.storyboard */ = {
			isa = PBXVariantGroup;
			children = (
				0D79492917D9F926006DC4AD /* Base */,
			);
			name = Main_iPad.storyboard;
			sourceTree = "<group>";
		};
/* End PBXVariantGroup section */

/* Begin XCBuildConfiguration section */
		0D79494317D9F926006DC4AD /* Debug */ = {
			isa = XCBuildConfiguration;
			buildSettings = {
				ALWAYS_SEARCH_USER_PATHS = NO;
				CLANG_CXX_LANGUAGE_STANDARD = "gnu++0x";
				CLANG_CXX_LIBRARY = "libc++";
				CLANG_ENABLE_MODULES = YES;
				CLANG_ENABLE_OBJC_ARC = YES;
				CLANG_WARN_BOOL_CONVERSION = YES;
				CLANG_WARN_CONSTANT_CONVERSION = YES;
				CLANG_WARN_DIRECT_OBJC_ISA_USAGE = YES_ERROR;
				CLANG_WARN_EMPTY_BODY = YES;
				CLANG_WARN_ENUM_CONVERSION = YES;
				CLANG_WARN_INT_CONVERSION = YES;
				CLANG_WARN_OBJC_ROOT_CLASS = YES_ERROR;
				CLANG_WARN__DUPLICATE_METHOD_MATCH = YES;
				"CODE_SIGN_IDENTITY[sdk=iphoneos*]" = "iPhone Developer";
				COPY_PHASE_STRIP = NO;
				GCC_C_LANGUAGE_STANDARD = gnu99;
				GCC_DYNAMIC_NO_PIC = NO;
				GCC_OPTIMIZATION_LEVEL = 0;
				GCC_PREPROCESSOR_DEFINITIONS = (
					"DEBUG=1",
					"$(inherited)",
				);
				GCC_SYMBOLS_PRIVATE_EXTERN = NO;
				GCC_WARN_ABOUT_RETURN_TYPE = YES_ERROR;
				GCC_WARN_UNDECLARED_SELECTOR = YES;
				GCC_WARN_UNINITIALIZED_AUTOS = YES;
				GCC_WARN_UNUSED_FUNCTION = YES;
				GCC_WARN_UNUSED_VARIABLE = YES;
				IPHONEOS_DEPLOYMENT_TARGET = 5.0;
				ONLY_ACTIVE_ARCH = YES;
				SDKROOT = iphoneos;
				TARGETED_DEVICE_FAMILY = "1,2";
			};
			name = Debug;
		};
		0D79494417D9F926006DC4AD /* Release */ = {
			isa = XCBuildConfiguration;
			buildSettings = {
				ALWAYS_SEARCH_USER_PATHS = NO;
				CLANG_CXX_LANGUAGE_STANDARD = "gnu++0x";
				CLANG_CXX_LIBRARY = "libc++";
				CLANG_ENABLE_MODULES = YES;
				CLANG_ENABLE_OBJC_ARC = YES;
				CLANG_WARN_BOOL_CONVERSION = YES;
				CLANG_WARN_CONSTANT_CONVERSION = YES;
				CLANG_WARN_DIRECT_OBJC_ISA_USAGE = YES_ERROR;
				CLANG_WARN_EMPTY_BODY = YES;
				CLANG_WARN_ENUM_CONVERSION = YES;
				CLANG_WARN_INT_CONVERSION = YES;
				CLANG_WARN_OBJC_ROOT_CLASS = YES_ERROR;
				CLANG_WARN__DUPLICATE_METHOD_MATCH = YES;
				"CODE_SIGN_IDENTITY[sdk=iphoneos*]" = "iPhone Developer";
				COPY_PHASE_STRIP = YES;
				ENABLE_NS_ASSERTIONS = NO;
				GCC_C_LANGUAGE_STANDARD = gnu99;
				GCC_WARN_ABOUT_RETURN_TYPE = YES_ERROR;
				GCC_WARN_UNDECLARED_SELECTOR = YES;
				GCC_WARN_UNINITIALIZED_AUTOS = YES;
				GCC_WARN_UNUSED_FUNCTION = YES;
				GCC_WARN_UNUSED_VARIABLE = YES;
				IPHONEOS_DEPLOYMENT_TARGET = 5.0;
				SDKROOT = iphoneos;
				TARGETED_DEVICE_FAMILY = "1,2";
				VALIDATE_PRODUCT = YES;
			};
			name = Release;
		};
		0D79494617D9F926006DC4AD /* Debug */ = {
			isa = XCBuildConfiguration;
			buildSettings = {
				ASSETCATALOG_COMPILER_APPICON_NAME = AppIcon;
				ASSETCATALOG_COMPILER_LAUNCHIMAGE_NAME = LaunchImage;
				GCC_PRECOMPILE_PREFIX_HEADER = YES;
				GCC_PREFIX_HEADER = "ORMapView Example/ORMapView Example-Prefix.pch";
				INFOPLIST_FILE = "ORMapView Example/ORMapView Example-Info.plist";
				IPHONEOS_DEPLOYMENT_TARGET = 5.0;
				PRODUCT_NAME = "$(TARGET_NAME)";
				WRAPPER_EXTENSION = app;
			};
			name = Debug;
		};
		0D79494717D9F926006DC4AD /* Release */ = {
			isa = XCBuildConfiguration;
			buildSettings = {
				ASSETCATALOG_COMPILER_APPICON_NAME = AppIcon;
				ASSETCATALOG_COMPILER_LAUNCHIMAGE_NAME = LaunchImage;
				GCC_PRECOMPILE_PREFIX_HEADER = YES;
				GCC_PREFIX_HEADER = "ORMapView Example/ORMapView Example-Prefix.pch";
				INFOPLIST_FILE = "ORMapView Example/ORMapView Example-Info.plist";
				IPHONEOS_DEPLOYMENT_TARGET = 5.0;
				PRODUCT_NAME = "$(TARGET_NAME)";
				WRAPPER_EXTENSION = app;
			};
			name = Release;
		};
/* End XCBuildConfiguration section */

/* Begin XCConfigurationList section */
		0D79490B17D9F926006DC4AD /* Build configuration list for PBXProject "ORMapView Example" */ = {
			isa = XCConfigurationList;
			buildConfigurations = (
				0D79494317D9F926006DC4AD /* Debug */,
				0D79494417D9F926006DC4AD /* Release */,
			);
			defaultConfigurationIsVisible = 0;
			defaultConfigurationName = Release;
		};
		0D79494517D9F926006DC4AD /* Build configuration list for PBXNativeTarget "ORMapView Example" */ = {
			isa = XCConfigurationList;
			buildConfigurations = (
				0D79494617D9F926006DC4AD /* Debug */,
				0D79494717D9F926006DC4AD /* Release */,
			);
			defaultConfigurationIsVisible = 0;
			defaultConfigurationName = Release;
		};
/* End XCConfigurationList section */
	};
	rootObject = 0D79490817D9F926006DC4AD /* Project object */;
}
