// !$*UTF8*$!
{
	archiveVersion = 1;
	classes = {
	};
	objectVersion = 46;
	objects = {

/* Begin PBXBuildFile section */
		0D7C077E1D400BE30077654A /* ORMap.h in Headers */ = {isa = PBXBuildFile; fileRef = 0D7C077D1D400BE30077654A /* ORMap.h */; settings = {ATTRIBUTES = (Public, ); }; };
		0D7C07951D400BFB0077654A /* ADMapCluster.h in Headers */ = {isa = PBXBuildFile; fileRef = 0D7C07861D400BFB0077654A /* ADMapCluster.h */; };
		0D7C07961D400BFB0077654A /* ADMapCluster.m in Sources */ = {isa = PBXBuildFile; fileRef = 0D7C07871D400BFB0077654A /* ADMapCluster.m */; };
		0D7C07971D400BFB0077654A /* ADMapPointAnnotation.h in Headers */ = {isa = PBXBuildFile; fileRef = 0D7C07881D400BFB0077654A /* ADMapPointAnnotation.h */; };
		0D7C07981D400BFB0077654A /* ADMapPointAnnotation.m in Sources */ = {isa = PBXBuildFile; fileRef = 0D7C07891D400BFB0077654A /* ADMapPointAnnotation.m */; };
		0D7C07991D400BFB0077654A /* NSObject+ORDebounce.h in Headers */ = {isa = PBXBuildFile; fileRef = 0D7C078A1D400BFB0077654A /* NSObject+ORDebounce.h */; settings = {ATTRIBUTES = (Public, ); }; };
		0D7C079A1D400BFB0077654A /* NSObject+ORDebounce.m in Sources */ = {isa = PBXBuildFile; fileRef = 0D7C078B1D400BFB0077654A /* NSObject+ORDebounce.m */; };
		0D7C079B1D400BFB0077654A /* ORClusterAnnotation.h in Headers */ = {isa = PBXBuildFile; fileRef = 0D7C078C1D400BFB0077654A /* ORClusterAnnotation.h */; settings = {ATTRIBUTES = (Public, ); }; };
		0D7C079C1D400BFB0077654A /* ORClusterAnnotation.m in Sources */ = {isa = PBXBuildFile; fileRef = 0D7C078D1D400BFB0077654A /* ORClusterAnnotation.m */; };
		0D7C079D1D400BFB0077654A /* ORClusterAnnotation_Private.h in Headers */ = {isa = PBXBuildFile; fileRef = 0D7C078E1D400BFB0077654A /* ORClusterAnnotation_Private.h */; };
		0D7C079E1D400BFB0077654A /* ORClusterAnnotationView.h in Headers */ = {isa = PBXBuildFile; fileRef = 0D7C078F1D400BFB0077654A /* ORClusterAnnotationView.h */; settings = {ATTRIBUTES = (Public, ); }; };
		0D7C079F1D400BFB0077654A /* ORClusterAnnotationView.m in Sources */ = {isa = PBXBuildFile; fileRef = 0D7C07901D400BFB0077654A /* ORClusterAnnotationView.m */; };
		0D7C07A01D400BFB0077654A /* ORMapView.h in Headers */ = {isa = PBXBuildFile; fileRef = 0D7C07911D400BFB0077654A /* ORMapView.h */; settings = {ATTRIBUTES = (Public, ); }; };
		0D7C07A11D400BFB0077654A /* ORMapView.m in Sources */ = {isa = PBXBuildFile; fileRef = 0D7C07921D400BFB0077654A /* ORMapView.m */; };
		0D7C07A21D400BFB0077654A /* ORMapView_DelegateProxy.m in Sources */ = {isa = PBXBuildFile; fileRef = 0D7C07931D400BFB0077654A /* ORMapView_DelegateProxy.m */; };
		0D7C07A31D400BFB0077654A /* ORMapView_Private.h in Headers */ = {isa = PBXBuildFile; fileRef = 0D7C07941D400BFB0077654A /* ORMapView_Private.h */; };
/* End PBXBuildFile section */

/* Begin PBXFileReference section */
		0D7C077A1D400BE30077654A /* ORMap.framework */ = {isa = PBXFileReference; explicitFileType = wrapper.framework; includeInIndex = 0; path = ORMap.framework; sourceTree = BUILT_PRODUCTS_DIR; };
		0D7C077D1D400BE30077654A /* ORMap.h */ = {isa = PBXFileReference; lastKnownFileType = sourcecode.c.h; path = ORMap.h; sourceTree = "<group>"; };
		0D7C077F1D400BE30077654A /* Info.plist */ = {isa = PBXFileReference; lastKnownFileType = text.plist.xml; path = Info.plist; sourceTree = "<group>"; };
		0D7C07861D400BFB0077654A /* ADMapCluster.h */ = {isa = PBXFileReference; fileEncoding = 4; lastKnownFileType = sourcecode.c.h; path = ADMapCluster.h; sourceTree = "<group>"; };
		0D7C07871D400BFB0077654A /* ADMapCluster.m */ = {isa = PBXFileReference; fileEncoding = 4; lastKnownFileType = sourcecode.c.objc; path = ADMapCluster.m; sourceTree = "<group>"; };
		0D7C07881D400BFB0077654A /* ADMapPointAnnotation.h */ = {isa = PBXFileReference; fileEncoding = 4; lastKnownFileType = sourcecode.c.h; path = ADMapPointAnnotation.h; sourceTree = "<group>"; };
		0D7C07891D400BFB0077654A /* ADMapPointAnnotation.m */ = {isa = PBXFileReference; fileEncoding = 4; lastKnownFileType = sourcecode.c.objc; path = ADMapPointAnnotation.m; sourceTree = "<group>"; };
		0D7C078A1D400BFB0077654A /* NSObject+ORDebounce.h */ = {isa = PBXFileReference; fileEncoding = 4; lastKnownFileType = sourcecode.c.h; path = "NSObject+ORDebounce.h"; sourceTree = "<group>"; };
		0D7C078B1D400BFB0077654A /* NSObject+ORDebounce.m */ = {isa = PBXFileReference; fileEncoding = 4; lastKnownFileType = sourcecode.c.objc; path = "NSObject+ORDebounce.m"; sourceTree = "<group>"; };
		0D7C078C1D400BFB0077654A /* ORClusterAnnotation.h */ = {isa = PBXFileReference; fileEncoding = 4; lastKnownFileType = sourcecode.c.h; path = ORClusterAnnotation.h; sourceTree = "<group>"; };
		0D7C078D1D400BFB0077654A /* ORClusterAnnotation.m */ = {isa = PBXFileReference; fileEncoding = 4; lastKnownFileType = sourcecode.c.objc; path = ORClusterAnnotation.m; sourceTree = "<group>"; };
		0D7C078E1D400BFB0077654A /* ORClusterAnnotation_Private.h */ = {isa = PBXFileReference; fileEncoding = 4; lastKnownFileType = sourcecode.c.h; path = ORClusterAnnotation_Private.h; sourceTree = "<group>"; };
		0D7C078F1D400BFB0077654A /* ORClusterAnnotationView.h */ = {isa = PBXFileReference; fileEncoding = 4; lastKnownFileType = sourcecode.c.h; path = ORClusterAnnotationView.h; sourceTree = "<group>"; };
		0D7C07901D400BFB0077654A /* ORClusterAnnotationView.m */ = {isa = PBXFileReference; fileEncoding = 4; lastKnownFileType = sourcecode.c.objc; path = ORClusterAnnotationView.m; sourceTree = "<group>"; };
		0D7C07911D400BFB0077654A /* ORMapView.h */ = {isa = PBXFileReference; fileEncoding = 4; lastKnownFileType = sourcecode.c.h; path = ORMapView.h; sourceTree = "<group>"; };
		0D7C07921D400BFB0077654A /* ORMapView.m */ = {isa = PBXFileReference; fileEncoding = 4; lastKnownFileType = sourcecode.c.objc; path = ORMapView.m; sourceTree = "<group>"; };
		0D7C07931D400BFB0077654A /* ORMapView_DelegateProxy.m */ = {isa = PBXFileReference; fileEncoding = 4; lastKnownFileType = sourcecode.c.objc; path = ORMapView_DelegateProxy.m; sourceTree = "<group>"; };
		0D7C07941D400BFB0077654A /* ORMapView_Private.h */ = {isa = PBXFileReference; fileEncoding = 4; lastKnownFileType = sourcecode.c.h; path = ORMapView_Private.h; sourceTree = "<group>"; };
/* End PBXFileReference section */

/* Begin PBXFrameworksBuildPhase section */
		0D7C07761D400BE30077654A /* Frameworks */ = {
			isa = PBXFrameworksBuildPhase;
			buildActionMask = 2147483647;
			files = (
			);
			runOnlyForDeploymentPostprocessing = 0;
		};
/* End PBXFrameworksBuildPhase section */

/* Begin PBXGroup section */
		0D7C07701D400BE30077654A = {
			isa = PBXGroup;
			children = (
				0D7C077C1D400BE30077654A /* ORMap */,
				0D7C077B1D400BE30077654A /* Products */,
			);
			sourceTree = "<group>";
		};
		0D7C077B1D400BE30077654A /* Products */ = {
			isa = PBXGroup;
			children = (
				0D7C077A1D400BE30077654A /* ORMap.framework */,
			);
			name = Products;
			sourceTree = "<group>";
		};
		0D7C077C1D400BE30077654A /* ORMap */ = {
			isa = PBXGroup;
			children = (
				0D7C07851D400BFB0077654A /* ORMapView */,
				0D7C077D1D400BE30077654A /* ORMap.h */,
				0D7C077F1D400BE30077654A /* Info.plist */,
			);
			path = ORMap;
			sourceTree = "<group>";
		};
		0D7C07851D400BFB0077654A /* ORMapView */ = {
			isa = PBXGroup;
			children = (
				0D7C07861D400BFB0077654A /* ADMapCluster.h */,
				0D7C07871D400BFB0077654A /* ADMapCluster.m */,
				0D7C07881D400BFB0077654A /* ADMapPointAnnotation.h */,
				0D7C07891D400BFB0077654A /* ADMapPointAnnotation.m */,
				0D7C078A1D400BFB0077654A /* NSObject+ORDebounce.h */,
				0D7C078B1D400BFB0077654A /* NSObject+ORDebounce.m */,
				0D7C078C1D400BFB0077654A /* ORClusterAnnotation.h */,
				0D7C078D1D400BFB0077654A /* ORClusterAnnotation.m */,
				0D7C078E1D400BFB0077654A /* ORClusterAnnotation_Private.h */,
				0D7C078F1D400BFB0077654A /* ORClusterAnnotationView.h */,
				0D7C07901D400BFB0077654A /* ORClusterAnnotationView.m */,
				0D7C07911D400BFB0077654A /* ORMapView.h */,
				0D7C07921D400BFB0077654A /* ORMapView.m */,
				0D7C07931D400BFB0077654A /* ORMapView_DelegateProxy.m */,
				0D7C07941D400BFB0077654A /* ORMapView_Private.h */,
			);
			path = ORMapView;
			sourceTree = "<group>";
		};
/* End PBXGroup section */

/* Begin PBXHeadersBuildPhase section */
		0D7C07771D400BE30077654A /* Headers */ = {
			isa = PBXHeadersBuildPhase;
			buildActionMask = 2147483647;
			files = (
				0D7C079E1D400BFB0077654A /* ORClusterAnnotationView.h in Headers */,
				0D7C079B1D400BFB0077654A /* ORClusterAnnotation.h in Headers */,
				0D7C07991D400BFB0077654A /* NSObject+ORDebounce.h in Headers */,
				0D7C07A01D400BFB0077654A /* ORMapView.h in Headers */,
				0D7C07A31D400BFB0077654A /* ORMapView_Private.h in Headers */,
				0D7C07971D400BFB0077654A /* ADMapPointAnnotation.h in Headers */,
				0D7C079D1D400BFB0077654A /* ORClusterAnnotation_Private.h in Headers */,
				0D7C077E1D400BE30077654A /* ORMap.h in Headers */,
				0D7C07951D400BFB0077654A /* ADMapCluster.h in Headers */,
			);
			runOnlyForDeploymentPostprocessing = 0;
		};
/* End PBXHeadersBuildPhase section */

/* Begin PBXNativeTarget section */
		0D7C07791D400BE30077654A /* ORMap */ = {
			isa = PBXNativeTarget;
			buildConfigurationList = 0D7C07821D400BE30077654A /* Build configuration list for PBXNativeTarget "ORMap" */;
			buildPhases = (
				0D7C07751D400BE30077654A /* Sources */,
				0D7C07761D400BE30077654A /* Frameworks */,
				0D7C07771D400BE30077654A /* Headers */,
				0D7C07781D400BE30077654A /* Resources */,
			);
			buildRules = (
			);
			dependencies = (
			);
			name = ORMap;
			productName = ORMap;
			productReference = 0D7C077A1D400BE30077654A /* ORMap.framework */;
			productType = "com.apple.product-type.framework";
		};
/* End PBXNativeTarget section */

/* Begin PBXProject section */
		0D7C07711D400BE30077654A /* Project object */ = {
			isa = PBXProject;
			attributes = {
				LastUpgradeCheck = 1120;
				ORGANIZATIONNAME = "OpenResearch GmbH";
				TargetAttributes = {
					0D7C07791D400BE30077654A = {
						CreatedOnToolsVersion = 7.3.1;
					};
				};
			};
			buildConfigurationList = 0D7C07741D400BE30077654A /* Build configuration list for PBXProject "ORMap" */;
			compatibilityVersion = "Xcode 3.2";
			developmentRegion = English;
			hasScannedForEncodings = 0;
			knownRegions = (
				English,
				en,
			);
			mainGroup = 0D7C07701D400BE30077654A;
			productRefGroup = 0D7C077B1D400BE30077654A /* Products */;
			projectDirPath = "";
			projectRoot = "";
			targets = (
				0D7C07791D400BE30077654A /* ORMap */,
			);
		};
/* End PBXProject section */

/* Begin PBXResourcesBuildPhase section */
		0D7C07781D400BE30077654A /* Resources */ = {
			isa = PBXResourcesBuildPhase;
			buildActionMask = 2147483647;
			files = (
			);
			runOnlyForDeploymentPostprocessing = 0;
		};
/* End PBXResourcesBuildPhase section */

/* Begin PBXSourcesBuildPhase section */
		0D7C07751D400BE30077654A /* Sources */ = {
			isa = PBXSourcesBuildPhase;
			buildActionMask = 2147483647;
			files = (
				0D7C07961D400BFB0077654A /* ADMapCluster.m in Sources */,
				0D7C079F1D400BFB0077654A /* ORClusterAnnotationView.m in Sources */,
				0D7C07A11D400BFB0077654A /* ORMapView.m in Sources */,
				0D7C07981D400BFB0077654A /* ADMapPointAnnotation.m in Sources */,
				0D7C07A21D400BFB0077654A /* ORMapView_DelegateProxy.m in Sources */,
				0D7C079C1D400BFB0077654A /* ORClusterAnnotation.m in Sources */,
				0D7C079A1D400BFB0077654A /* NSObject+ORDebounce.m in Sources */,
			);
			runOnlyForDeploymentPostprocessing = 0;
		};
/* End PBXSourcesBuildPhase section */

/* Begin XCBuildConfiguration section */
		0D7C07801D400BE30077654A /* Debug */ = {
			isa = XCBuildConfiguration;
			buildSettings = {
				ALWAYS_SEARCH_USER_PATHS = NO;
				CLANG_ANALYZER_LOCALIZABILITY_NONLOCALIZED = YES;
				CLANG_ANALYZER_NONNULL = YES;
				CLANG_CXX_LANGUAGE_STANDARD = "gnu++0x";
				CLANG_CXX_LIBRARY = "libc++";
				CLANG_ENABLE_MODULES = YES;
				CLANG_ENABLE_OBJC_ARC = YES;
				CLANG_WARN_BLOCK_CAPTURE_AUTORELEASING = YES;
				CLANG_WARN_BOOL_CONVERSION = YES;
				CLANG_WARN_COMMA = YES;
				CLANG_WARN_CONSTANT_CONVERSION = YES;
				CLANG_WARN_DEPRECATED_OBJC_IMPLEMENTATIONS = YES;
				CLANG_WARN_DIRECT_OBJC_ISA_USAGE = YES_ERROR;
				CLANG_WARN_EMPTY_BODY = YES;
				CLANG_WARN_ENUM_CONVERSION = YES;
				CLANG_WARN_INFINITE_RECURSION = YES;
				CLANG_WARN_INT_CONVERSION = YES;
				CLANG_WARN_NON_LITERAL_NULL_CONVERSION = YES;
				CLANG_WARN_OBJC_IMPLICIT_RETAIN_SELF = YES;
				CLANG_WARN_OBJC_LITERAL_CONVERSION = YES;
				CLANG_WARN_OBJC_ROOT_CLASS = YES_ERROR;
				CLANG_WARN_RANGE_LOOP_ANALYSIS = YES;
				CLANG_WARN_STRICT_PROTOTYPES = YES;
				CLANG_WARN_SUSPICIOUS_MOVE = YES;
				CLANG_WARN_UNREACHABLE_CODE = YES;
				CLANG_WARN__DUPLICATE_METHOD_MATCH = YES;
				"CODE_SIGN_IDENTITY[sdk=iphoneos*]" = "iPhone Developer";
				COPY_PHASE_STRIP = NO;
				CURRENT_PROJECT_VERSION = 1;
				DEBUG_INFORMATION_FORMAT = dwarf;
				ENABLE_STRICT_OBJC_MSGSEND = YES;
				ENABLE_TESTABILITY = YES;
				GCC_C_LANGUAGE_STANDARD = gnu99;
				GCC_DYNAMIC_NO_PIC = NO;
				GCC_NO_COMMON_BLOCKS = YES;
				GCC_OPTIMIZATION_LEVEL = 0;
				GCC_PREPROCESSOR_DEFINITIONS = (
					"DEBUG=1",
					"$(inherited)",
				);
				GCC_WARN_64_TO_32_BIT_CONVERSION = YES;
				GCC_WARN_ABOUT_RETURN_TYPE = YES_ERROR;
				GCC_WARN_UNDECLARED_SELECTOR = YES;
				GCC_WARN_UNINITIALIZED_AUTOS = YES_AGGRESSIVE;
				GCC_WARN_UNUSED_FUNCTION = YES;
				GCC_WARN_UNUSED_VARIABLE = YES;
				IPHONEOS_DEPLOYMENT_TARGET = 8.0;
				MTL_ENABLE_DEBUG_INFO = YES;
				ONLY_ACTIVE_ARCH = YES;
				SDKROOT = iphoneos;
				TARGETED_DEVICE_FAMILY = "1,2";
				VERSIONING_SYSTEM = "apple-generic";
				VERSION_INFO_PREFIX = "";
			};
			name = Debug;
		};
		0D7C07811D400BE30077654A /* Release */ = {
			isa = XCBuildConfiguration;
			buildSettings = {
				ALWAYS_SEARCH_USER_PATHS = NO;
				CLANG_ANALYZER_LOCALIZABILITY_NONLOCALIZED = YES;
				CLANG_ANALYZER_NONNULL = YES;
				CLANG_CXX_LANGUAGE_STANDARD = "gnu++0x";
				CLANG_CXX_LIBRARY = "libc++";
				CLANG_ENABLE_MODULES = YES;
				CLANG_ENABLE_OBJC_ARC = YES;
				CLANG_WARN_BLOCK_CAPTURE_AUTORELEASING = YES;
				CLANG_WARN_BOOL_CONVERSION = YES;
				CLANG_WARN_COMMA = YES;
				CLANG_WARN_CONSTANT_CONVERSION = YES;
				CLANG_WARN_DEPRECATED_OBJC_IMPLEMENTATIONS = YES;
				CLANG_WARN_DIRECT_OBJC_ISA_USAGE = YES_ERROR;
				CLANG_WARN_EMPTY_BODY = YES;
				CLANG_WARN_ENUM_CONVERSION = YES;
				CLANG_WARN_INFINITE_RECURSION = YES;
				CLANG_WARN_INT_CONVERSION = YES;
				CLANG_WARN_NON_LITERAL_NULL_CONVERSION = YES;
				CLANG_WARN_OBJC_IMPLICIT_RETAIN_SELF = YES;
				CLANG_WARN_OBJC_LITERAL_CONVERSION = YES;
				CLANG_WARN_OBJC_ROOT_CLASS = YES_ERROR;
				CLANG_WARN_RANGE_LOOP_ANALYSIS = YES;
				CLANG_WARN_STRICT_PROTOTYPES = YES;
				CLANG_WARN_SUSPICIOUS_MOVE = YES;
				CLANG_WARN_UNREACHABLE_CODE = YES;
				CLANG_WARN__DUPLICATE_METHOD_MATCH = YES;
				"CODE_SIGN_IDENTITY[sdk=iphoneos*]" = "iPhone Developer";
				COPY_PHASE_STRIP = NO;
				CURRENT_PROJECT_VERSION = 1;
				DEBUG_INFORMATION_FORMAT = "dwarf-with-dsym";
				ENABLE_NS_ASSERTIONS = NO;
				ENABLE_STRICT_OBJC_MSGSEND = YES;
				GCC_C_LANGUAGE_STANDARD = gnu99;
				GCC_NO_COMMON_BLOCKS = YES;
				GCC_WARN_64_TO_32_BIT_CONVERSION = YES;
				GCC_WARN_ABOUT_RETURN_TYPE = YES_ERROR;
				GCC_WARN_UNDECLARED_SELECTOR = YES;
				GCC_WARN_UNINITIALIZED_AUTOS = YES_AGGRESSIVE;
				GCC_WARN_UNUSED_FUNCTION = YES;
				GCC_WARN_UNUSED_VARIABLE = YES;
				IPHONEOS_DEPLOYMENT_TARGET = 8.0;
				MTL_ENABLE_DEBUG_INFO = NO;
				SDKROOT = iphoneos;
				TARGETED_DEVICE_FAMILY = "1,2";
				VALIDATE_PRODUCT = YES;
				VERSIONING_SYSTEM = "apple-generic";
				VERSION_INFO_PREFIX = "";
			};
			name = Release;
		};
		0D7C07831D400BE30077654A /* Debug */ = {
			isa = XCBuildConfiguration;
			buildSettings = {
				"CODE_SIGN_IDENTITY[sdk=iphoneos*]" = "";
				DEFINES_MODULE = YES;
				DYLIB_COMPATIBILITY_VERSION = 1;
				DYLIB_CURRENT_VERSION = 1;
				DYLIB_INSTALL_NAME_BASE = "@rpath";
				INFOPLIST_FILE = ORMap/Info.plist;
				INSTALL_PATH = "$(LOCAL_LIBRARY_DIR)/Frameworks";
				LD_RUNPATH_SEARCH_PATHS = "$(inherited) @executable_path/Frameworks @loader_path/Frameworks";
				PRODUCT_BUNDLE_IDENTIFIER = com.openresearch.ORMap;
				PRODUCT_NAME = "$(TARGET_NAME)";
				SKIP_INSTALL = YES;
			};
			name = Debug;
		};
		0D7C07841D400BE30077654A /* Release */ = {
			isa = XCBuildConfiguration;
			buildSettings = {
				"CODE_SIGN_IDENTITY[sdk=iphoneos*]" = "";
				DEFINES_MODULE = YES;
				DYLIB_COMPATIBILITY_VERSION = 1;
				DYLIB_CURRENT_VERSION = 1;
				DYLIB_INSTALL_NAME_BASE = "@rpath";
				INFOPLIST_FILE = ORMap/Info.plist;
				INSTALL_PATH = "$(LOCAL_LIBRARY_DIR)/Frameworks";
				LD_RUNPATH_SEARCH_PATHS = "$(inherited) @executable_path/Frameworks @loader_path/Frameworks";
				PRODUCT_BUNDLE_IDENTIFIER = com.openresearch.ORMap;
				PRODUCT_NAME = "$(TARGET_NAME)";
				SKIP_INSTALL = YES;
			};
			name = Release;
		};
/* End XCBuildConfiguration section */

/* Begin XCConfigurationList section */
		0D7C07741D400BE30077654A /* Build configuration list for PBXProject "ORMap" */ = {
			isa = XCConfigurationList;
			buildConfigurations = (
				0D7C07801D400BE30077654A /* Debug */,
				0D7C07811D400BE30077654A /* Release */,
			);
			defaultConfigurationIsVisible = 0;
			defaultConfigurationName = Release;
		};
		0D7C07821D400BE30077654A /* Build configuration list for PBXNativeTarget "ORMap" */ = {
			isa = XCConfigurationList;
			buildConfigurations = (
				0D7C07831D400BE30077654A /* Debug */,
				0D7C07841D400BE30077654A /* Release */,
			);
			defaultConfigurationIsVisible = 0;
			defaultConfigurationName = Release;
		};
/* End XCConfigurationList section */
	};
	rootObject = 0D7C07711D400BE30077654A /* Project object */;
}
